
Microsoft Visual Studio Solution File, Format Version 12.00
# Visual Studio 15
VisualStudioVersion = 15.0.28307.489
MinimumVisualStudioVersion = 10.0.40219.1
Project("{FAE04EC0-301F-11D3-BF4B-00C04F79EFBC}") = "BatchCorp.UI", "BatchCorp.UI\BatchCorp.UI.csproj", "{C62D1A2B-6133-4407-B768-CDB4421B251C}"
EndProject
Global
	GlobalSection(SolutionConfigurationPlatforms) = preSolution
		Debug|Any CPU = Debug|Any CPU
		Release|Any CPU = Release|Any CPU
	EndGlobalSection
	GlobalSection(ProjectConfigurationPlatforms) = postSolution
		{C62D1A2B-6133-4407-B768-CDB4421B251C}.Debug|Any CPU.ActiveCfg = Debug|Any CPU
		{C62D1A2B-6133-4407-B768-CDB4421B251C}.Debug|Any CPU.Build.0 = Debug|Any CPU
		{C62D1A2B-6133-4407-B768-CDB4421B251C}.Release|Any CPU.ActiveCfg = Release|Any CPU
		{C62D1A2B-6133-4407-B768-CDB4421B251C}.Release|Any CPU.Build.0 = Release|Any CPU
	EndGlobalSection
	GlobalSection(SolutionProperties) = preSolution
		HideSolutionNode = FALSE
	EndGlobalSection
	GlobalSection(ExtensibilityGlobals) = postSolution
		SolutionGuid = {D7C0D713-CB53-4CDB-95EA-6271C01B1005}
	EndGlobalSection
EndGlobal
